
Microsoft Visual Studio Solution File, Format Version 12.00
# Visual Studio 15
VisualStudioVersion = 15.0.28307.705
MinimumVisualStudioVersion = 10.0.40219.1
Project("{8BC9CEB8-8B4A-11D0-8D11-00A0C91BC942}") = "Tool", "Tool\Tool.vcxproj", "{29F9F321-80D8-4900-A25F-E134E38EF63B}"
EndProject
Project("{54435603-DBB4-11D2-8724-00A0C9A8B90C}") = "Unpacket", "Unpacket\Unpacket.vdproj", "{A894D9CE-292D-40E6-9AEC-A1B4577075B9}"
EndProject
Global
	GlobalSection(SolutionConfigurationPlatforms) = preSolution
		Debug|x64 = Debug|x64
		Debug|x86 = Debug|x86
		Release|x64 = Release|x64
		Release|x86 = Release|x86
	EndGlobalSection
	GlobalSection(ProjectConfigurationPlatforms) = postSolution
		{29F9F321-80D8-4900-A25F-E134E38EF63B}.Debug|x64.ActiveCfg = Debug|x64
		{29F9F321-80D8-4900-A25F-E134E38EF63B}.Debug|x64.Build.0 = Debug|x64
		{29F9F321-80D8-4900-A25F-E134E38EF63B}.Debug|x86.ActiveCfg = Debug|Win32
		{29F9F321-80D8-4900-A25F-E134E38EF63B}.Debug|x86.Build.0 = Debug|Win32
		{29F9F321-80D8-4900-A25F-E134E38EF63B}.Release|x64.ActiveCfg = Release|x64
		{29F9F321-80D8-4900-A25F-E134E38EF63B}.Release|x64.Build.0 = Release|x64
		{29F9F321-80D8-4900-A25F-E134E38EF63B}.Release|x86.ActiveCfg = Release|Win32
		{29F9F321-80D8-4900-A25F-E134E38EF63B}.Release|x86.Build.0 = Release|Win32
		{A894D9CE-292D-40E6-9AEC-A1B4577075B9}.Debug|x64.ActiveCfg = Debug
		{A894D9CE-292D-40E6-9AEC-A1B4577075B9}.Debug|x86.ActiveCfg = Debug
		{A894D9CE-292D-40E6-9AEC-A1B4577075B9}.Release|x64.ActiveCfg = Release
		{A894D9CE-292D-40E6-9AEC-A1B4577075B9}.Release|x86.ActiveCfg = Release
	EndGlobalSection
	GlobalSection(SolutionProperties) = preSolution
		HideSolutionNode = FALSE
	EndGlobalSection
	GlobalSection(ExtensibilityGlobals) = postSolution
		SolutionGuid = {01C80D22-23CB-4770-BD6C-8B5C8E17A801}
	EndGlobalSection
EndGlobal
